
Microsoft Visual Studio Solution File, Format Version 12.00
# Visual Studio Version 17
VisualStudioVersion = 17.0.31903.59
MinimumVisualStudioVersion = 10.0.40219.1
Project("{9A19103F-16F7-4668-BE54-9A1E7A4F7556}") = "Bredele_Gestion", "Bredele_Gestion\Bredele_Gestion.csproj", "{272C3CD3-D4BC-4113-BBCB-3B37899181AD}"
EndProject
Project("{9A19103F-16F7-4668-BE54-9A1E7A4F7556}") = "BredeleGestion.Services", "BredeleGestion.Services\BredeleGestion.Services.csproj", "{11FF059B-792D-4878-BA64-0F0FD988BFE1}"
EndProject
Project("{9A19103F-16F7-4668-BE54-9A1E7A4F7556}") = "BredeleGestion.Data", "BredeleGestion.Data\BredeleGestion.Data.csproj", "{06525B74-5B07-4805-A6B5-772BCDFEB248}"
EndProject
Project("{FAE04EC0-301F-11D3-BF4B-00C04F79EFBC}") = "TestUnitaireBredele", "TestUnitaireBredele\TestUnitaireBredele.csproj", "{1561B666-BBD0-4FF2-B519-1F3235E44D08}"
EndProject
Global
	GlobalSection(SolutionConfigurationPlatforms) = preSolution
		Debug|Any CPU = Debug|Any CPU
		Release|Any CPU = Release|Any CPU
	EndGlobalSection
	GlobalSection(ProjectConfigurationPlatforms) = postSolution
		{272C3CD3-D4BC-4113-BBCB-3B37899181AD}.Debug|Any CPU.ActiveCfg = Debug|Any CPU
		{272C3CD3-D4BC-4113-BBCB-3B37899181AD}.Debug|Any CPU.Build.0 = Debug|Any CPU
		{272C3CD3-D4BC-4113-BBCB-3B37899181AD}.Release|Any CPU.ActiveCfg = Release|Any CPU
		{272C3CD3-D4BC-4113-BBCB-3B37899181AD}.Release|Any CPU.Build.0 = Release|Any CPU
		{11FF059B-792D-4878-BA64-0F0FD988BFE1}.Debug|Any CPU.ActiveCfg = Debug|Any CPU
		{11FF059B-792D-4878-BA64-0F0FD988BFE1}.Debug|Any CPU.Build.0 = Debug|Any CPU
		{11FF059B-792D-4878-BA64-0F0FD988BFE1}.Release|Any CPU.ActiveCfg = Release|Any CPU
		{11FF059B-792D-4878-BA64-0F0FD988BFE1}.Release|Any CPU.Build.0 = Release|Any CPU
		{06525B74-5B07-4805-A6B5-772BCDFEB248}.Debug|Any CPU.ActiveCfg = Debug|Any CPU
		{06525B74-5B07-4805-A6B5-772BCDFEB248}.Debug|Any CPU.Build.0 = Debug|Any CPU
		{06525B74-5B07-4805-A6B5-772BCDFEB248}.Release|Any CPU.ActiveCfg = Release|Any CPU
		{06525B74-5B07-4805-A6B5-772BCDFEB248}.Release|Any CPU.Build.0 = Release|Any CPU
		{1561B666-BBD0-4FF2-B519-1F3235E44D08}.Debug|Any CPU.ActiveCfg = Debug|Any CPU
		{1561B666-BBD0-4FF2-B519-1F3235E44D08}.Debug|Any CPU.Build.0 = Debug|Any CPU
		{1561B666-BBD0-4FF2-B519-1F3235E44D08}.Release|Any CPU.ActiveCfg = Release|Any CPU
		{1561B666-BBD0-4FF2-B519-1F3235E44D08}.Release|Any CPU.Build.0 = Release|Any CPU
	EndGlobalSection
	GlobalSection(SolutionProperties) = preSolution
		HideSolutionNode = FALSE
	EndGlobalSection
	GlobalSection(ExtensibilityGlobals) = postSolution
		SolutionGuid = {1BAB70C2-F128-448E-89DF-167B1BC22295}
	EndGlobalSection
EndGlobal
